
Microsoft Visual Studio Solution File, Format Version 12.00
# Visual Studio Version 16
VisualStudioVersion = 16.0.29424.173
MinimumVisualStudioVersion = 10.0.40219.1
Project("{9092AA53-FB77-4645-B42D-1CCCA6BD08BD}") = "Project2", "Project2\Project2.njsproj", "{8EF6D3A2-1EA0-4320-A05E-DAEC558730E3}"
EndProject
Global
	GlobalSection(SolutionConfigurationPlatforms) = preSolution
		Debug|Any CPU = Debug|Any CPU
		Release|Any CPU = Release|Any CPU
	EndGlobalSection
	GlobalSection(ProjectConfigurationPlatforms) = postSolution
		{8EF6D3A2-1EA0-4320-A05E-DAEC558730E3}.Debug|Any CPU.ActiveCfg = Debug|Any CPU
		{8EF6D3A2-1EA0-4320-A05E-DAEC558730E3}.Debug|Any CPU.Build.0 = Debug|Any CPU
		{8EF6D3A2-1EA0-4320-A05E-DAEC558730E3}.Release|Any CPU.ActiveCfg = Release|Any CPU
		{8EF6D3A2-1EA0-4320-A05E-DAEC558730E3}.Release|Any CPU.Build.0 = Release|Any CPU
	EndGlobalSection
	GlobalSection(SolutionProperties) = preSolution
		HideSolutionNode = FALSE
	EndGlobalSection
	GlobalSection(ExtensibilityGlobals) = postSolution
		SolutionGuid = {F0E49ADE-441A-44CE-AF7E-E834038AB003}
	EndGlobalSection
EndGlobal
